// !$*UTF8*$!
{
	archiveVersion = 1;
	classes = {
	};
	objectVersion = 50;
	objects = {

/* Begin PBXBuildFile section */
		3ED9460821C3B65300B8F480 /* AppDelegate.swift in Sources */ = {isa = PBXBuildFile; fileRef = 3ED9460721C3B65300B8F480 /* AppDelegate.swift */; };
		3ED9460D21C3B65300B8F480 /* Main.storyboard in Resources */ = {isa = PBXBuildFile; fileRef = 3ED9460B21C3B65300B8F480 /* Main.storyboard */; };
		3ED9460F21C3B65700B8F480 /* Assets.xcassets in Resources */ = {isa = PBXBuildFile; fileRef = 3ED9460E21C3B65700B8F480 /* Assets.xcassets */; };
		3ED9461221C3B65700B8F480 /* LaunchScreen.storyboard in Resources */ = {isa = PBXBuildFile; fileRef = 3ED9461021C3B65700B8F480 /* LaunchScreen.storyboard */; };
		3ED9462E21C3B74700B8F480 /* MovieListViewController.swift in Sources */ = {isa = PBXBuildFile; fileRef = 3ED9462D21C3B74600B8F480 /* MovieListViewController.swift */; };
		3ED9463021C3B7F700B8F480 /* MovieListViewModel.swift in Sources */ = {isa = PBXBuildFile; fileRef = 3ED9462F21C3B7F700B8F480 /* MovieListViewModel.swift */; };
		3ED9463221C3B91D00B8F480 /* MovieCollectionViewCell.swift in Sources */ = {isa = PBXBuildFile; fileRef = 3ED9463121C3B91D00B8F480 /* MovieCollectionViewCell.swift */; };
		3ED9463421C3BC5F00B8F480 /* MovieCellViewModel.swift in Sources */ = {isa = PBXBuildFile; fileRef = 3ED9463321C3BC5F00B8F480 /* MovieCellViewModel.swift */; };
		3ED9463621C3BCB800B8F480 /* Movie.swift in Sources */ = {isa = PBXBuildFile; fileRef = 3ED9463521C3BCB800B8F480 /* Movie.swift */; };
		3ED9463821C3BD4900B8F480 /* APIService.swift in Sources */ = {isa = PBXBuildFile; fileRef = 3ED9463721C3BD4900B8F480 /* APIService.swift */; };
		3ED9463A21C3BE2200B8F480 /* Endpoints.swift in Sources */ = {isa = PBXBuildFile; fileRef = 3ED9463921C3BE2200B8F480 /* Endpoints.swift */; };
		3ED9463C21C3C81E00B8F480 /* ImageLoader.swift in Sources */ = {isa = PBXBuildFile; fileRef = 3ED9463B21C3C81E00B8F480 /* ImageLoader.swift */; };
		3ED9463E21C6C3DB00B8F480 /* MovieDetailViewController.swift in Sources */ = {isa = PBXBuildFile; fileRef = 3ED9463D21C6C3DB00B8F480 /* MovieDetailViewController.swift */; };
		3ED9464021C83F7F00B8F480 /* APIServiceTests.swift in Sources */ = {isa = PBXBuildFile; fileRef = 3ED9463F21C83F7F00B8F480 /* APIServiceTests.swift */; };
		3ED9464321C843B400B8F480 /* content.json in Resources */ = {isa = PBXBuildFile; fileRef = 3ED9464221C843B400B8F480 /* content.json */; };
		3ED9464421C843E400B8F480 /* content.json in Resources */ = {isa = PBXBuildFile; fileRef = 3ED9464221C843B400B8F480 /* content.json */; };
		3ED9464521C8469300B8F480 /* Movie.swift in Sources */ = {isa = PBXBuildFile; fileRef = 3ED9463521C3BCB800B8F480 /* Movie.swift */; };
		3ED9464721C846C700B8F480 /* MovieCellViewModel.swift in Sources */ = {isa = PBXBuildFile; fileRef = 3ED9463321C3BC5F00B8F480 /* MovieCellViewModel.swift */; };
		3ED9464821C846D300B8F480 /* APIService.swift in Sources */ = {isa = PBXBuildFile; fileRef = 3ED9463721C3BD4900B8F480 /* APIService.swift */; };
		3ED9464921C846DE00B8F480 /* Endpoints.swift in Sources */ = {isa = PBXBuildFile; fileRef = 3ED9463921C3BE2200B8F480 /* Endpoints.swift */; };
		3ED9464B21C8F78800B8F480 /* MovieListViewModelTests.swift in Sources */ = {isa = PBXBuildFile; fileRef = 3ED9464A21C8F78800B8F480 /* MovieListViewModelTests.swift */; };
		3ED9464C21C8FD2300B8F480 /* MovieListViewModel.swift in Sources */ = {isa = PBXBuildFile; fileRef = 3ED9462F21C3B7F700B8F480 /* MovieListViewModel.swift */; };
/* End PBXBuildFile section */

/* Begin PBXContainerItemProxy section */
		3ED9461921C3B65800B8F480 /* PBXContainerItemProxy */ = {
			isa = PBXContainerItemProxy;
			containerPortal = 3ED945FC21C3B65300B8F480 /* Project object */;
			proxyType = 1;
			remoteGlobalIDString = 3ED9460321C3B65300B8F480;
			remoteInfo = MovieApp;
		};
/* End PBXContainerItemProxy section */

/* Begin PBXFileReference section */
		3ED9460421C3B65300B8F480 /* MovieApp.app */ = {isa = PBXFileReference; explicitFileType = wrapper.application; includeInIndex = 0; path = MovieApp.app; sourceTree = BUILT_PRODUCTS_DIR; };
		3ED9460721C3B65300B8F480 /* AppDelegate.swift */ = {isa = PBXFileReference; lastKnownFileType = sourcecode.swift; path = AppDelegate.swift; sourceTree = "<group>"; };
		3ED9460C21C3B65300B8F480 /* Base */ = {isa = PBXFileReference; lastKnownFileType = file.storyboard; name = Base; path = Base.lproj/Main.storyboard; sourceTree = "<group>"; };
		3ED9460E21C3B65700B8F480 /* Assets.xcassets */ = {isa = PBXFileReference; lastKnownFileType = folder.assetcatalog; path = Assets.xcassets; sourceTree = "<group>"; };
		3ED9461121C3B65700B8F480 /* Base */ = {isa = PBXFileReference; lastKnownFileType = file.storyboard; name = Base; path = Base.lproj/LaunchScreen.storyboard; sourceTree = "<group>"; };
		3ED9461321C3B65700B8F480 /* Info.plist */ = {isa = PBXFileReference; lastKnownFileType = text.plist.xml; path = Info.plist; sourceTree = "<group>"; };
		3ED9461821C3B65800B8F480 /* MovieAppTests.xctest */ = {isa = PBXFileReference; explicitFileType = wrapper.cfbundle; includeInIndex = 0; path = MovieAppTests.xctest; sourceTree = BUILT_PRODUCTS_DIR; };
		3ED9461E21C3B65800B8F480 /* Info.plist */ = {isa = PBXFileReference; lastKnownFileType = text.plist.xml; path = Info.plist; sourceTree = "<group>"; };
		3ED9462D21C3B74600B8F480 /* MovieListViewController.swift */ = {isa = PBXFileReference; lastKnownFileType = sourcecode.swift; path = MovieListViewController.swift; sourceTree = "<group>"; };
		3ED9462F21C3B7F700B8F480 /* MovieListViewModel.swift */ = {isa = PBXFileReference; lastKnownFileType = sourcecode.swift; path = MovieListViewModel.swift; sourceTree = "<group>"; };
		3ED9463121C3B91D00B8F480 /* MovieCollectionViewCell.swift */ = {isa = PBXFileReference; lastKnownFileType = sourcecode.swift; path = MovieCollectionViewCell.swift; sourceTree = "<group>"; };
		3ED9463321C3BC5F00B8F480 /* MovieCellViewModel.swift */ = {isa = PBXFileReference; lastKnownFileType = sourcecode.swift; path = MovieCellViewModel.swift; sourceTree = "<group>"; };
		3ED9463521C3BCB800B8F480 /* Movie.swift */ = {isa = PBXFileReference; lastKnownFileType = sourcecode.swift; path = Movie.swift; sourceTree = "<group>"; };
		3ED9463721C3BD4900B8F480 /* APIService.swift */ = {isa = PBXFileReference; lastKnownFileType = sourcecode.swift; path = APIService.swift; sourceTree = "<group>"; };
		3ED9463921C3BE2200B8F480 /* Endpoints.swift */ = {isa = PBXFileReference; lastKnownFileType = sourcecode.swift; path = Endpoints.swift; sourceTree = "<group>"; };
		3ED9463B21C3C81E00B8F480 /* ImageLoader.swift */ = {isa = PBXFileReference; lastKnownFileType = sourcecode.swift; path = ImageLoader.swift; sourceTree = "<group>"; };
		3ED9463D21C6C3DB00B8F480 /* MovieDetailViewController.swift */ = {isa = PBXFileReference; lastKnownFileType = sourcecode.swift; path = MovieDetailViewController.swift; sourceTree = "<group>"; };
		3ED9463F21C83F7F00B8F480 /* APIServiceTests.swift */ = {isa = PBXFileReference; lastKnownFileType = sourcecode.swift; path = APIServiceTests.swift; sourceTree = "<group>"; };
		3ED9464221C843B400B8F480 /* content.json */ = {isa = PBXFileReference; lastKnownFileType = text.json; path = content.json; sourceTree = "<group>"; };
		3ED9464A21C8F78800B8F480 /* MovieListViewModelTests.swift */ = {isa = PBXFileReference; lastKnownFileType = sourcecode.swift; path = MovieListViewModelTests.swift; sourceTree = "<group>"; };
/* End PBXFileReference section */

/* Begin PBXFrameworksBuildPhase section */
		3ED9460121C3B65300B8F480 /* Frameworks */ = {
			isa = PBXFrameworksBuildPhase;
			buildActionMask = 2147483647;
			files = (
			);
			runOnlyForDeploymentPostprocessing = 0;
		};
		3ED9461521C3B65800B8F480 /* Frameworks */ = {
			isa = PBXFrameworksBuildPhase;
			buildActionMask = 2147483647;
			files = (
			);
			runOnlyForDeploymentPostprocessing = 0;
		};
/* End PBXFrameworksBuildPhase section */

/* Begin PBXGroup section */
		3ED945FB21C3B65300B8F480 = {
			isa = PBXGroup;
			children = (
				3ED9460621C3B65300B8F480 /* MovieApp */,
				3ED9461B21C3B65800B8F480 /* MovieAppTests */,
				3ED9460521C3B65300B8F480 /* Products */,
			);
			sourceTree = "<group>";
		};
		3ED9460521C3B65300B8F480 /* Products */ = {
			isa = PBXGroup;
			children = (
				3ED9460421C3B65300B8F480 /* MovieApp.app */,
				3ED9461821C3B65800B8F480 /* MovieAppTests.xctest */,
			);
			name = Products;
			sourceTree = "<group>";
		};
		3ED9460621C3B65300B8F480 /* MovieApp */ = {
			isa = PBXGroup;
			children = (
				3ED9462721C3B67300B8F480 /* General */,
				3ED9462821C3B68100B8F480 /* Controllers */,
				3ED9464D21C9592F00B8F480 /* View Models */,
				3ED9462921C3B68A00B8F480 /* Model */,
				3ED9462A21C3B69200B8F480 /* Services */,
				3ED9462B21C3B69F00B8F480 /* Views */,
				3ED9462C21C3B6AB00B8F480 /* Helpers */,
				3ED9464121C8438F00B8F480 /* Support Files */,
				3ED9460B21C3B65300B8F480 /* Main.storyboard */,
				3ED9460E21C3B65700B8F480 /* Assets.xcassets */,
				3ED9461021C3B65700B8F480 /* LaunchScreen.storyboard */,
				3ED9461321C3B65700B8F480 /* Info.plist */,
			);
			path = MovieApp;
			sourceTree = "<group>";
		};
		3ED9461B21C3B65800B8F480 /* MovieAppTests */ = {
			isa = PBXGroup;
			children = (
				3ED9464A21C8F78800B8F480 /* MovieListViewModelTests.swift */,
				3ED9463F21C83F7F00B8F480 /* APIServiceTests.swift */,
				3ED9461E21C3B65800B8F480 /* Info.plist */,
			);
			path = MovieAppTests;
			sourceTree = "<group>";
		};
		3ED9462721C3B67300B8F480 /* General */ = {
			isa = PBXGroup;
			children = (
				3ED9460721C3B65300B8F480 /* AppDelegate.swift */,
			);
			path = General;
			sourceTree = "<group>";
		};
		3ED9462821C3B68100B8F480 /* Controllers */ = {
			isa = PBXGroup;
			children = (
				3ED9462D21C3B74600B8F480 /* MovieListViewController.swift */,
				3ED9463D21C6C3DB00B8F480 /* MovieDetailViewController.swift */,
			);
			path = Controllers;
			sourceTree = "<group>";
		};
		3ED9462921C3B68A00B8F480 /* Model */ = {
			isa = PBXGroup;
			children = (
				3ED9463521C3BCB800B8F480 /* Movie.swift */,
			);
			path = Model;
			sourceTree = "<group>";
		};
		3ED9462A21C3B69200B8F480 /* Services */ = {
			isa = PBXGroup;
			children = (
				3ED9463721C3BD4900B8F480 /* APIService.swift */,
			);
			path = Services;
			sourceTree = "<group>";
		};
		3ED9462B21C3B69F00B8F480 /* Views */ = {
			isa = PBXGroup;
			children = (
				3ED9463121C3B91D00B8F480 /* MovieCollectionViewCell.swift */,
			);
			path = Views;
			sourceTree = "<group>";
		};
		3ED9462C21C3B6AB00B8F480 /* Helpers */ = {
			isa = PBXGroup;
			children = (
				3ED9463921C3BE2200B8F480 /* Endpoints.swift */,
				3ED9463B21C3C81E00B8F480 /* ImageLoader.swift */,
			);
			path = Helpers;
			sourceTree = "<group>";
		};
		3ED9464121C8438F00B8F480 /* Support Files */ = {
			isa = PBXGroup;
			children = (
				3ED9464221C843B400B8F480 /* content.json */,
			);
			path = "Support Files";
			sourceTree = "<group>";
		};
		3ED9464D21C9592F00B8F480 /* View Models */ = {
			isa = PBXGroup;
			children = (
				3ED9462F21C3B7F700B8F480 /* MovieListViewModel.swift */,
				3ED9463321C3BC5F00B8F480 /* MovieCellViewModel.swift */,
			);
			path = "View Models";
			sourceTree = "<group>";
		};
/* End PBXGroup section */

/* Begin PBXNativeTarget section */
		3ED9460321C3B65300B8F480 /* MovieApp */ = {
			isa = PBXNativeTarget;
			buildConfigurationList = 3ED9462121C3B65800B8F480 /* Build configuration list for PBXNativeTarget "MovieApp" */;
			buildPhases = (
				3ED9460021C3B65300B8F480 /* Sources */,
				3ED9460121C3B65300B8F480 /* Frameworks */,
				3ED9460221C3B65300B8F480 /* Resources */,
			);
			buildRules = (
			);
			dependencies = (
			);
			name = MovieApp;
			productName = MovieApp;
			productReference = 3ED9460421C3B65300B8F480 /* MovieApp.app */;
			productType = "com.apple.product-type.application";
		};
		3ED9461721C3B65800B8F480 /* MovieAppTests */ = {
			isa = PBXNativeTarget;
			buildConfigurationList = 3ED9462421C3B65800B8F480 /* Build configuration list for PBXNativeTarget "MovieAppTests" */;
			buildPhases = (
				3ED9461421C3B65800B8F480 /* Sources */,
				3ED9461521C3B65800B8F480 /* Frameworks */,
				3ED9461621C3B65800B8F480 /* Resources */,
			);
			buildRules = (
			);
			dependencies = (
				3ED9461A21C3B65800B8F480 /* PBXTargetDependency */,
			);
			name = MovieAppTests;
			productName = MovieAppTests;
			productReference = 3ED9461821C3B65800B8F480 /* MovieAppTests.xctest */;
			productType = "com.apple.product-type.bundle.unit-test";
		};
/* End PBXNativeTarget section */

/* Begin PBXProject section */
		3ED945FC21C3B65300B8F480 /* Project object */ = {
			isa = PBXProject;
			attributes = {
				LastSwiftUpdateCheck = 1010;
				LastUpgradeCheck = 1010;
				ORGANIZATIONNAME = nano;
				TargetAttributes = {
					3ED9460321C3B65300B8F480 = {
						CreatedOnToolsVersion = 10.1;
					};
					3ED9461721C3B65800B8F480 = {
						CreatedOnToolsVersion = 10.1;
						TestTargetID = 3ED9460321C3B65300B8F480;
					};
				};
			};
			buildConfigurationList = 3ED945FF21C3B65300B8F480 /* Build configuration list for PBXProject "MovieApp" */;
			compatibilityVersion = "Xcode 9.3";
			developmentRegion = en;
			hasScannedForEncodings = 0;
			knownRegions = (
				en,
				Base,
			);
			mainGroup = 3ED945FB21C3B65300B8F480;
			productRefGroup = 3ED9460521C3B65300B8F480 /* Products */;
			projectDirPath = "";
			projectRoot = "";
			targets = (
				3ED9460321C3B65300B8F480 /* MovieApp */,
				3ED9461721C3B65800B8F480 /* MovieAppTests */,
			);
		};
/* End PBXProject section */

/* Begin PBXResourcesBuildPhase section */
		3ED9460221C3B65300B8F480 /* Resources */ = {
			isa = PBXResourcesBuildPhase;
			buildActionMask = 2147483647;
			files = (
				3ED9461221C3B65700B8F480 /* LaunchScreen.storyboard in Resources */,
				3ED9460F21C3B65700B8F480 /* Assets.xcassets in Resources */,
				3ED9460D21C3B65300B8F480 /* Main.storyboard in Resources */,
				3ED9464321C843B400B8F480 /* content.json in Resources */,
			);
			runOnlyForDeploymentPostprocessing = 0;
		};
		3ED9461621C3B65800B8F480 /* Resources */ = {
			isa = PBXResourcesBuildPhase;
			buildActionMask = 2147483647;
			files = (
				3ED9464421C843E400B8F480 /* content.json in Resources */,
			);
			runOnlyForDeploymentPostprocessing = 0;
		};
/* End PBXResourcesBuildPhase section */

/* Begin PBXSourcesBuildPhase section */
		3ED9460021C3B65300B8F480 /* Sources */ = {
			isa = PBXSourcesBuildPhase;
			buildActionMask = 2147483647;
			files = (
				3ED9462E21C3B74700B8F480 /* MovieListViewController.swift in Sources */,
				3ED9463821C3BD4900B8F480 /* APIService.swift in Sources */,
				3ED9460821C3B65300B8F480 /* AppDelegate.swift in Sources */,
				3ED9463621C3BCB800B8F480 /* Movie.swift in Sources */,
				3ED9463021C3B7F700B8F480 /* MovieListViewModel.swift in Sources */,
				3ED9463C21C3C81E00B8F480 /* ImageLoader.swift in Sources */,
				3ED9463E21C6C3DB00B8F480 /* MovieDetailViewController.swift in Sources */,
				3ED9463421C3BC5F00B8F480 /* MovieCellViewModel.swift in Sources */,
				3ED9463A21C3BE2200B8F480 /* Endpoints.swift in Sources */,
				3ED9463221C3B91D00B8F480 /* MovieCollectionViewCell.swift in Sources */,
			);
			runOnlyForDeploymentPostprocessing = 0;
		};
		3ED9461421C3B65800B8F480 /* Sources */ = {
			isa = PBXSourcesBuildPhase;
			buildActionMask = 2147483647;
			files = (
				3ED9464021C83F7F00B8F480 /* APIServiceTests.swift in Sources */,
				3ED9464B21C8F78800B8F480 /* MovieListViewModelTests.swift in Sources */,
				3ED9464C21C8FD2300B8F480 /* MovieListViewModel.swift in Sources */,
				3ED9464521C8469300B8F480 /* Movie.swift in Sources */,
				3ED9464921C846DE00B8F480 /* Endpoints.swift in Sources */,
				3ED9464721C846C700B8F480 /* MovieCellViewModel.swift in Sources */,
				3ED9464821C846D300B8F480 /* APIService.swift in Sources */,
			);
			runOnlyForDeploymentPostprocessing = 0;
		};
/* End PBXSourcesBuildPhase section */

/* Begin PBXTargetDependency section */
		3ED9461A21C3B65800B8F480 /* PBXTargetDependency */ = {
			isa = PBXTargetDependency;
			target = 3ED9460321C3B65300B8F480 /* MovieApp */;
			targetProxy = 3ED9461921C3B65800B8F480 /* PBXContainerItemProxy */;
		};
/* End PBXTargetDependency section */

/* Begin PBXVariantGroup section */
		3ED9460B21C3B65300B8F480 /* Main.storyboard */ = {
			isa = PBXVariantGroup;
			children = (
				3ED9460C21C3B65300B8F480 /* Base */,
			);
			name = Main.storyboard;
			sourceTree = "<group>";
		};
		3ED9461021C3B65700B8F480 /* LaunchScreen.storyboard */ = {
			isa = PBXVariantGroup;
			children = (
				3ED9461121C3B65700B8F480 /* Base */,
			);
			name = LaunchScreen.storyboard;
			sourceTree = "<group>";
		};
/* End PBXVariantGroup section */

/* Begin XCBuildConfiguration section */
		3ED9461F21C3B65800B8F480 /* Debug */ = {
			isa = XCBuildConfiguration;
			buildSettings = {
				ALWAYS_SEARCH_USER_PATHS = NO;
				CLANG_ANALYZER_NONNULL = YES;
				CLANG_ANALYZER_NUMBER_OBJECT_CONVERSION = YES_AGGRESSIVE;
				CLANG_CXX_LANGUAGE_STANDARD = "gnu++14";
				CLANG_CXX_LIBRARY = "libc++";
				CLANG_ENABLE_MODULES = YES;
				CLANG_ENABLE_OBJC_ARC = YES;
				CLANG_ENABLE_OBJC_WEAK = YES;
				CLANG_WARN_BLOCK_CAPTURE_AUTORELEASING = YES;
				CLANG_WARN_BOOL_CONVERSION = YES;
				CLANG_WARN_COMMA = YES;
				CLANG_WARN_CONSTANT_CONVERSION = YES;
				CLANG_WARN_DEPRECATED_OBJC_IMPLEMENTATIONS = YES;
				CLANG_WARN_DIRECT_OBJC_ISA_USAGE = YES_ERROR;
				CLANG_WARN_DOCUMENTATION_COMMENTS = YES;
				CLANG_WARN_EMPTY_BODY = YES;
				CLANG_WARN_ENUM_CONVERSION = YES;
				CLANG_WARN_INFINITE_RECURSION = YES;
				CLANG_WARN_INT_CONVERSION = YES;
				CLANG_WARN_NON_LITERAL_NULL_CONVERSION = YES;
				CLANG_WARN_OBJC_IMPLICIT_RETAIN_SELF = YES;
				CLANG_WARN_OBJC_LITERAL_CONVERSION = YES;
				CLANG_WARN_OBJC_ROOT_CLASS = YES_ERROR;
				CLANG_WARN_RANGE_LOOP_ANALYSIS = YES;
				CLANG_WARN_STRICT_PROTOTYPES = YES;
				CLANG_WARN_SUSPICIOUS_MOVE = YES;
				CLANG_WARN_UNGUARDED_AVAILABILITY = YES_AGGRESSIVE;
				CLANG_WARN_UNREACHABLE_CODE = YES;
				CLANG_WARN__DUPLICATE_METHOD_MATCH = YES;
				CODE_SIGN_IDENTITY = "iPhone Developer";
				COPY_PHASE_STRIP = NO;
				DEBUG_INFORMATION_FORMAT = dwarf;
				ENABLE_STRICT_OBJC_MSGSEND = YES;
				ENABLE_TESTABILITY = YES;
				GCC_C_LANGUAGE_STANDARD = gnu11;
				GCC_DYNAMIC_NO_PIC = NO;
				GCC_NO_COMMON_BLOCKS = YES;
				GCC_OPTIMIZATION_LEVEL = 0;
				GCC_PREPROCESSOR_DEFINITIONS = (
					"DEBUG=1",
					"$(inherited)",
				);
				GCC_WARN_64_TO_32_BIT_CONVERSION = YES;
				GCC_WARN_ABOUT_RETURN_TYPE = YES_ERROR;
				GCC_WARN_UNDECLARED_SELECTOR = YES;
				GCC_WARN_UNINITIALIZED_AUTOS = YES_AGGRESSIVE;
				GCC_WARN_UNUSED_FUNCTION = YES;
				GCC_WARN_UNUSED_VARIABLE = YES;
				IPHONEOS_DEPLOYMENT_TARGET = 12.1;
				MTL_ENABLE_DEBUG_INFO = INCLUDE_SOURCE;
				MTL_FAST_MATH = YES;
				ONLY_ACTIVE_ARCH = YES;
				SDKROOT = iphoneos;
				SWIFT_ACTIVE_COMPILATION_CONDITIONS = DEBUG;
				SWIFT_OPTIMIZATION_LEVEL = "-Onone";
			};
			name = Debug;
		};
		3ED9462021C3B65800B8F480 /* Release */ = {
			isa = XCBuildConfiguration;
			buildSettings = {
				ALWAYS_SEARCH_USER_PATHS = NO;
				CLANG_ANALYZER_NONNULL = YES;
				CLANG_ANALYZER_NUMBER_OBJECT_CONVERSION = YES_AGGRESSIVE;
				CLANG_CXX_LANGUAGE_STANDARD = "gnu++14";
				CLANG_CXX_LIBRARY = "libc++";
				CLANG_ENABLE_MODULES = YES;
				CLANG_ENABLE_OBJC_ARC = YES;
				CLANG_ENABLE_OBJC_WEAK = YES;
				CLANG_WARN_BLOCK_CAPTURE_AUTORELEASING = YES;
				CLANG_WARN_BOOL_CONVERSION = YES;
				CLANG_WARN_COMMA = YES;
				CLANG_WARN_CONSTANT_CONVERSION = YES;
				CLANG_WARN_DEPRECATED_OBJC_IMPLEMENTATIONS = YES;
				CLANG_WARN_DIRECT_OBJC_ISA_USAGE = YES_ERROR;
				CLANG_WARN_DOCUMENTATION_COMMENTS = YES;
				CLANG_WARN_EMPTY_BODY = YES;
				CLANG_WARN_ENUM_CONVERSION = YES;
				CLANG_WARN_INFINITE_RECURSION = YES;
				CLANG_WARN_INT_CONVERSION = YES;
				CLANG_WARN_NON_LITERAL_NULL_CONVERSION = YES;
				CLANG_WARN_OBJC_IMPLICIT_RETAIN_SELF = YES;
				CLANG_WARN_OBJC_LITERAL_CONVERSION = YES;
				CLANG_WARN_OBJC_ROOT_CLASS = YES_ERROR;
				CLANG_WARN_RANGE_LOOP_ANALYSIS = YES;
				CLANG_WARN_STRICT_PROTOTYPES = YES;
				CLANG_WARN_SUSPICIOUS_MOVE = YES;
				CLANG_WARN_UNGUARDED_AVAILABILITY = YES_AGGRESSIVE;
				CLANG_WARN_UNREACHABLE_CODE = YES;
				CLANG_WARN__DUPLICATE_METHOD_MATCH = YES;
				CODE_SIGN_IDENTITY = "iPhone Developer";
				COPY_PHASE_STRIP = NO;
				DEBUG_INFORMATION_FORMAT = "dwarf-with-dsym";
				ENABLE_NS_ASSERTIONS = NO;
				ENABLE_STRICT_OBJC_MSGSEND = YES;
				GCC_C_LANGUAGE_STANDARD = gnu11;
				GCC_NO_COMMON_BLOCKS = YES;
				GCC_WARN_64_TO_32_BIT_CONVERSION = YES;
				GCC_WARN_ABOUT_RETURN_TYPE = YES_ERROR;
				GCC_WARN_UNDECLARED_SELECTOR = YES;
				GCC_WARN_UNINITIALIZED_AUTOS = YES_AGGRESSIVE;
				GCC_WARN_UNUSED_FUNCTION = YES;
				GCC_WARN_UNUSED_VARIABLE = YES;
				IPHONEOS_DEPLOYMENT_TARGET = 12.1;
				MTL_ENABLE_DEBUG_INFO = NO;
				MTL_FAST_MATH = YES;
				SDKROOT = iphoneos;
				SWIFT_COMPILATION_MODE = wholemodule;
				SWIFT_OPTIMIZATION_LEVEL = "-O";
				VALIDATE_PRODUCT = YES;
			};
			name = Release;
		};
		3ED9462221C3B65800B8F480 /* Debug */ = {
			isa = XCBuildConfiguration;
			buildSettings = {
				ASSETCATALOG_COMPILER_APPICON_NAME = AppIcon;
				CODE_SIGN_STYLE = Automatic;
				DEVELOPMENT_TEAM = JLV59LVCST;
				INFOPLIST_FILE = MovieApp/Info.plist;
				LD_RUNPATH_SEARCH_PATHS = (
					"$(inherited)",
					"@executable_path/Frameworks",
				);
				PRODUCT_BUNDLE_IDENTIFIER = com.nano.MovieApp;
				PRODUCT_NAME = "$(TARGET_NAME)";
				SWIFT_VERSION = 4.2;
				TARGETED_DEVICE_FAMILY = "1,2";
			};
			name = Debug;
		};
		3ED9462321C3B65800B8F480 /* Release */ = {
			isa = XCBuildConfiguration;
			buildSettings = {
				ASSETCATALOG_COMPILER_APPICON_NAME = AppIcon;
				CODE_SIGN_STYLE = Automatic;
				DEVELOPMENT_TEAM = JLV59LVCST;
				INFOPLIST_FILE = MovieApp/Info.plist;
				LD_RUNPATH_SEARCH_PATHS = (
					"$(inherited)",
					"@executable_path/Frameworks",
				);
				PRODUCT_BUNDLE_IDENTIFIER = com.nano.MovieApp;
				PRODUCT_NAME = "$(TARGET_NAME)";
				SWIFT_VERSION = 4.2;
				TARGETED_DEVICE_FAMILY = "1,2";
			};
			name = Release;
		};
		3ED9462521C3B65800B8F480 /* Debug */ = {
			isa = XCBuildConfiguration;
			buildSettings = {
				ALWAYS_EMBED_SWIFT_STANDARD_LIBRARIES = YES;
				BUNDLE_LOADER = "$(TEST_HOST)";
				CODE_SIGN_STYLE = Automatic;
				DEVELOPMENT_TEAM = JLV59LVCST;
				INFOPLIST_FILE = MovieAppTests/Info.plist;
				LD_RUNPATH_SEARCH_PATHS = (
					"$(inherited)",
					"@executable_path/Frameworks",
					"@loader_path/Frameworks",
				);
				PRODUCT_BUNDLE_IDENTIFIER = com.nano.MovieAppTests;
				PRODUCT_NAME = "$(TARGET_NAME)";
				SWIFT_VERSION = 4.2;
				TARGETED_DEVICE_FAMILY = "1,2";
				TEST_HOST = "$(BUILT_PRODUCTS_DIR)/MovieApp.app/MovieApp";
			};
			name = Debug;
		};
		3ED9462621C3B65800B8F480 /* Release */ = {
			isa = XCBuildConfiguration;
			buildSettings = {
				ALWAYS_EMBED_SWIFT_STANDARD_LIBRARIES = YES;
				BUNDLE_LOADER = "$(TEST_HOST)";
				CODE_SIGN_STYLE = Automatic;
				DEVELOPMENT_TEAM = JLV59LVCST;
				INFOPLIST_FILE = MovieAppTests/Info.plist;
				LD_RUNPATH_SEARCH_PATHS = (
					"$(inherited)",
					"@executable_path/Frameworks",
					"@loader_path/Frameworks",
				);
				PRODUCT_BUNDLE_IDENTIFIER = com.nano.MovieAppTests;
				PRODUCT_NAME = "$(TARGET_NAME)";
				SWIFT_VERSION = 4.2;
				TARGETED_DEVICE_FAMILY = "1,2";
				TEST_HOST = "$(BUILT_PRODUCTS_DIR)/MovieApp.app/MovieApp";
			};
			name = Release;
		};
/* End XCBuildConfiguration section */

/* Begin XCConfigurationList section */
		3ED945FF21C3B65300B8F480 /* Build configuration list for PBXProject "MovieApp" */ = {
			isa = XCConfigurationList;
			buildConfigurations = (
				3ED9461F21C3B65800B8F480 /* Debug */,
				3ED9462021C3B65800B8F480 /* Release */,
			);
			defaultConfigurationIsVisible = 0;
			defaultConfigurationName = Release;
		};
		3ED9462121C3B65800B8F480 /* Build configuration list for PBXNativeTarget "MovieApp" */ = {
			isa = XCConfigurationList;
			buildConfigurations = (
				3ED9462221C3B65800B8F480 /* Debug */,
				3ED9462321C3B65800B8F480 /* Release */,
			);
			defaultConfigurationIsVisible = 0;
			defaultConfigurationName = Release;
		};
		3ED9462421C3B65800B8F480 /* Build configuration list for PBXNativeTarget "MovieAppTests" */ = {
			isa = XCConfigurationList;
			buildConfigurations = (
				3ED9462521C3B65800B8F480 /* Debug */,
				3ED9462621C3B65800B8F480 /* Release */,
			);
			defaultConfigurationIsVisible = 0;
			defaultConfigurationName = Release;
		};
/* End XCConfigurationList section */
	};
	rootObject = 3ED945FC21C3B65300B8F480 /* Project object */;
}
